{
  "version": 4,
  "terraform_version": "1.7.3",
  "serial": 76,
  "lineage": "79306a8b-963d-c376-4494-66dc29ee86de",
  "outputs": {
    "private_subnets_ids": {
      "value": [
        "subnet-0dcc586b035e9a074",
        "subnet-09480d10b36af0795"
      ],
      "type": [
        "tuple",
        [
          "string",
          "string"
        ]
      ]
    },
    "public_subnets_ids": {
      "value": [
        "subnet-093915df36f71bb56",
        "subnet-064faa39fb23fe2ae"
      ],
      "type": [
        "tuple",
        [
          "string",
          "string"
        ]
      ]
    },
    "wp_vpc_id": {
      "value": "vpc-01c8158e3807afbe2",
      "type": "string"
    }
  },
  "resources": [
    {
      "module": "module.alb",
      "mode": "managed",
      "type": "aws_lb",
      "name": "alb",
      "provider": "provider[\"registry.terraform.io/hashicorp/aws\"]",
      "instances": [
        {
          "schema_version": 0,
          "attributes": {
            "access_logs": [
              {
                "bucket": "",
                "enabled": false,
                "prefix": ""
              }
            ],
            "arn": "arn:aws:elasticloadbalancing:eu-west-3:654654466828:loadbalancer/app/my-alb-prod/4bd8b6507f4941df",
            "arn_suffix": "app/my-alb-prod/4bd8b6507f4941df",
            "connection_logs": [
              {
                "bucket": "",
                "enabled": false,
                "prefix": ""
              }
            ],
            "customer_owned_ipv4_pool": "",
            "desync_mitigation_mode": "defensive",
            "dns_name": "my-alb-prod-391996885.eu-west-3.elb.amazonaws.com",
            "dns_record_client_routing_policy": null,
            "drop_invalid_header_fields": false,
            "enable_cross_zone_load_balancing": true,
            "enable_deletion_protection": false,
            "enable_http2": true,
            "enable_tls_version_and_cipher_suite_headers": false,
            "enable_waf_fail_open": false,
            "enable_xff_client_port": false,
            "enforce_security_group_inbound_rules_on_private_link_traffic": "",
            "id": "arn:aws:elasticloadbalancing:eu-west-3:654654466828:loadbalancer/app/my-alb-prod/4bd8b6507f4941df",
            "idle_timeout": 60,
            "internal": false,
            "ip_address_type": "ipv4",
            "load_balancer_type": "application",
            "name": "my-alb-prod",
            "name_prefix": "",
            "preserve_host_header": false,
            "security_groups": [
              "sg-00ecc5a1453f88d4b"
            ],
            "subnet_mapping": [
              {
                "allocation_id": "",
                "ipv6_address": "",
                "outpost_id": "",
                "private_ipv4_address": "",
                "subnet_id": "subnet-064faa39fb23fe2ae"
              },
              {
                "allocation_id": "",
                "ipv6_address": "",
                "outpost_id": "",
                "private_ipv4_address": "",
                "subnet_id": "subnet-093915df36f71bb56"
              }
            ],
            "subnets": [
              "subnet-064faa39fb23fe2ae",
              "subnet-093915df36f71bb56"
            ],
            "tags": {
              "Environment": "prod"
            },
            "tags_all": {
              "Environment": "prod"
            },
            "timeouts": null,
            "vpc_id": "vpc-01c8158e3807afbe2",
            "xff_header_processing_mode": "append",
            "zone_id": "Z3Q77PNBQS71R4"
          },
          "sensitive_attributes": [],
          "private": "eyJlMmJmYjczMC1lY2FhLTExZTYtOGY4OC0zNDM2M2JjN2M0YzAiOnsiY3JlYXRlIjo2MDAwMDAwMDAwMDAsImRlbGV0ZSI6NjAwMDAwMDAwMDAwLCJ1cGRhdGUiOjYwMDAwMDAwMDAwMH19",
          "dependencies": [
            "module.security_group.aws_security_group.alb_sg",
            "module.subnets.aws_subnet.public",
            "module.vpc.aws_vpc.wp_vpc"
          ]
        }
      ]
    },
    {
      "module": "module.alb",
      "mode": "managed",
      "type": "aws_lb_listener",
      "name": "http",
      "provider": "provider[\"registry.terraform.io/hashicorp/aws\"]",
      "instances": [
        {
          "schema_version": 0,
          "attributes": {
            "alpn_policy": null,
            "arn": "arn:aws:elasticloadbalancing:eu-west-3:654654466828:listener/app/my-alb-prod/4bd8b6507f4941df/0f1e65c89d8ebc2a",
            "certificate_arn": null,
            "default_action": [
              {
                "authenticate_cognito": [],
                "authenticate_oidc": [],
                "fixed_response": [],
                "forward": [],
                "order": 1,
                "redirect": [],
                "target_group_arn": "arn:aws:elasticloadbalancing:eu-west-3:654654466828:targetgroup/web-target-group-prod/a5267ce5d90b2894",
                "type": "forward"
              }
            ],
            "id": "arn:aws:elasticloadbalancing:eu-west-3:654654466828:listener/app/my-alb-prod/4bd8b6507f4941df/0f1e65c89d8ebc2a",
            "load_balancer_arn": "arn:aws:elasticloadbalancing:eu-west-3:654654466828:loadbalancer/app/my-alb-prod/4bd8b6507f4941df",
            "mutual_authentication": [],
            "port": 80,
            "protocol": "HTTP",
            "ssl_policy": "",
            "tags": {},
            "tags_all": {},
            "timeouts": null
          },
          "sensitive_attributes": [],
          "private": "eyJlMmJmYjczMC1lY2FhLTExZTYtOGY4OC0zNDM2M2JjN2M0YzAiOnsiY3JlYXRlIjozMDAwMDAwMDAwMDAsInVwZGF0ZSI6MzAwMDAwMDAwMDAwfX0=",
          "dependencies": [
            "module.alb.aws_lb.alb",
            "module.alb.aws_lb_target_group.web",
            "module.security_group.aws_security_group.alb_sg",
            "module.subnets.aws_subnet.public",
            "module.vpc.aws_vpc.wp_vpc"
          ]
        }
      ]
    },
    {
      "module": "module.alb",
      "mode": "managed",
      "type": "aws_lb_target_group",
      "name": "web",
      "provider": "provider[\"registry.terraform.io/hashicorp/aws\"]",
      "instances": [
        {
          "schema_version": 0,
          "attributes": {
            "arn": "arn:aws:elasticloadbalancing:eu-west-3:654654466828:targetgroup/web-target-group-prod/a5267ce5d90b2894",
            "arn_suffix": "targetgroup/web-target-group-prod/a5267ce5d90b2894",
            "connection_termination": null,
            "deregistration_delay": "300",
            "health_check": [
              {
                "enabled": true,
                "healthy_threshold": 3,
                "interval": 30,
                "matcher": "200",
                "path": "/",
                "port": "traffic-port",
                "protocol": "HTTP",
                "timeout": 5,
                "unhealthy_threshold": 3
              }
            ],
            "id": "arn:aws:elasticloadbalancing:eu-west-3:654654466828:targetgroup/web-target-group-prod/a5267ce5d90b2894",
            "ip_address_type": "ipv4",
            "lambda_multi_value_headers_enabled": false,
            "load_balancing_algorithm_type": "round_robin",
            "load_balancing_anomaly_mitigation": "off",
            "load_balancing_cross_zone_enabled": "use_load_balancer_configuration",
            "name": "web-target-group-prod",
            "name_prefix": "",
            "port": 80,
            "preserve_client_ip": null,
            "protocol": "HTTP",
            "protocol_version": "HTTP1",
            "proxy_protocol_v2": false,
            "slow_start": 0,
            "stickiness": [
              {
                "cookie_duration": 86400,
                "cookie_name": "",
                "enabled": false,
                "type": "lb_cookie"
              }
            ],
            "tags": {},
            "tags_all": {},
            "target_failover": [
              {
                "on_deregistration": null,
                "on_unhealthy": null
              }
            ],
            "target_health_state": [
              {
                "enable_unhealthy_connection_termination": null
              }
            ],
            "target_type": "instance",
            "vpc_id": "vpc-01c8158e3807afbe2"
          },
          "sensitive_attributes": [],
          "private": "bnVsbA==",
          "dependencies": [
            "module.vpc.aws_vpc.wp_vpc"
          ]
        }
      ]
    },
    {
      "module": "module.asg",
      "mode": "managed",
      "type": "aws_autoscaling_group",
      "name": "wordpress",
      "provider": "provider[\"registry.terraform.io/hashicorp/aws\"]",
      "instances": [
        {
          "schema_version": 1,
          "attributes": {
            "arn": "arn:aws:autoscaling:eu-west-3:654654466828:autoScalingGroup:555f59df-59cc-437d-afb5-d1a367bf3672:autoScalingGroupName/terraform-20240222230931617200000003",
            "availability_zones": [
              "eu-west-3a",
              "eu-west-3b"
            ],
            "capacity_rebalance": false,
            "context": "",
            "default_cooldown": 300,
            "default_instance_warmup": 0,
            "desired_capacity": 1,
            "desired_capacity_type": "",
            "enabled_metrics": [],
            "force_delete": false,
            "force_delete_warm_pool": false,
            "health_check_grace_period": 300,
            "health_check_type": "EC2",
            "id": "terraform-20240222230931617200000003",
            "ignore_failed_scaling_activities": false,
            "initial_lifecycle_hook": [],
            "instance_maintenance_policy": [],
            "instance_refresh": [],
            "launch_configuration": "",
            "launch_template": [
              {
                "id": "lt-079545ac2a6ba6604",
                "name": "wordpress-launch-template-20240222230931306500000001",
                "version": "$Latest"
              }
            ],
            "load_balancers": [],
            "max_instance_lifetime": 0,
            "max_size": 2,
            "metrics_granularity": "1Minute",
            "min_elb_capacity": null,
            "min_size": 1,
            "mixed_instances_policy": [],
            "name": "terraform-20240222230931617200000003",
            "name_prefix": "terraform-",
            "placement_group": "",
            "predicted_capacity": 0,
            "protect_from_scale_in": false,
            "service_linked_role_arn": "arn:aws:iam::654654466828:role/aws-service-role/autoscaling.amazonaws.com/AWSServiceRoleForAutoScaling",
            "suspended_processes": [],
            "tag": [
              {
                "key": "Name",
                "propagate_at_launch": true,
                "value": "WordPressInstance"
              }
            ],
            "target_group_arns": [],
            "termination_policies": [],
            "timeouts": null,
            "traffic_source": [],
            "vpc_zone_identifier": [
              "subnet-064faa39fb23fe2ae",
              "subnet-093915df36f71bb56"
            ],
            "wait_for_capacity_timeout": "10m",
            "wait_for_elb_capacity": null,
            "warm_pool": [],
            "warm_pool_size": 0
          },
          "sensitive_attributes": [],
          "private": "eyJlMmJmYjczMC1lY2FhLTExZTYtOGY4OC0zNDM2M2JjN2M0YzAiOnsiZGVsZXRlIjo2MDAwMDAwMDAwMDAsInVwZGF0ZSI6NjAwMDAwMDAwMDAwfSwic2NoZW1hX3ZlcnNpb24iOiIxIn0=",
          "dependencies": [
            "module.asg.aws_launch_template.wordpress",
            "module.subnets.aws_subnet.public",
            "module.vpc.aws_vpc.wp_vpc"
          ]
        }
      ]
    },
    {
      "module": "module.asg",
      "mode": "managed",
      "type": "aws_launch_template",
      "name": "wordpress",
      "provider": "provider[\"registry.terraform.io/hashicorp/aws\"]",
      "instances": [
        {
          "schema_version": 0,
          "attributes": {
            "arn": "arn:aws:ec2:eu-west-3:654654466828:launch-template/lt-079545ac2a6ba6604",
            "block_device_mappings": [],
            "capacity_reservation_specification": [],
            "cpu_options": [],
            "credit_specification": [],
            "default_version": 1,
            "description": "",
            "disable_api_stop": false,
            "disable_api_termination": false,
            "ebs_optimized": "",
            "elastic_gpu_specifications": [],
            "elastic_inference_accelerator": [],
            "enclave_options": [],
            "hibernation_options": [],
            "iam_instance_profile": [],
            "id": "lt-079545ac2a6ba6604",
            "image_id": "ami-0d32100ea85327283",
            "instance_initiated_shutdown_behavior": "",
            "instance_market_options": [],
            "instance_requirements": [],
            "instance_type": "t2.micro",
            "kernel_id": "",
            "key_name": "Datascientest",
            "latest_version": 1,
            "license_specification": [],
            "maintenance_options": [],
            "metadata_options": [],
            "monitoring": [],
            "name": "wordpress-launch-template-20240222230931306500000001",
            "name_prefix": "wordpress-launch-template-",
            "network_interfaces": [],
            "placement": [],
            "private_dns_name_options": [],
            "ram_disk_id": "",
            "security_group_names": [],
            "tag_specifications": [],
            "tags": {
              "Environment": "Dev",
              "Name": "MonInstanceWordpress"
            },
            "tags_all": {
              "Environment": "Dev",
              "Name": "MonInstanceWordpress"
            },
            "update_default_version": null,
            "user_data": "SXlFZ0wySnBiaTlpWVhOb0Nnb0tJeUJKVGxOVVFVeE1SU0JCVlZSUFRVRlVTVkZWUlUxRlRsUWdJRmRQVWtSUVVrVlRVeUJGVkNCTlFWSkpRVVJDSUZOVlVpQkVSVk1nUVUxSklFeEpUbFZZSURJS0Nnb2pJRTF2WkdsbWFXVjZJR05sY3lCMllXeGxkWEp6SUdWMElHTnZibk5sY25abGVpMXNaWE1LWkdKZmNtOXZkRjl3WVhOemQyOXlaRDBpSkh0a1lsOXliMjkwWDNCaGMzTjNiM0prZlNJS1pHSmZkWE5sY201aGJXVTlJaVI3WkdKZmRYTmxjbTVoYldWOUlncGtZbDkxYzJWeVgzQmhjM04zYjNKa1BTSWtlMlJpWDNWelpYSmZjR0Z6YzNkdmNtUjlJZ3BrWWw5dVlXMWxQU0lrZTJSaVgyNWhiV1Y5SWdvS0l5QnBibk4wWVd4c1pTQnNaU0J6WlhKMlpYVnlJRXhCVFZBS2MzVmtieUI1ZFcwZ2RYQmtZWFJsSUMxNUNpTWdhVzV6ZEdGc2JHVWdiR1VnYzJWeWRtVjFjaUJoY0dGamFHVUtjM1ZrYnlCNWRXMGdhVzV6ZEdGc2JDQXRlU0JvZEhSd1pBb0tDaU1nUVdOMGFYWmxJR1FuWVdKdmNtUWdjR2h3Tnk1NGVDQmtaWEIxYVhNZ1lXMWhlbTl1TFd4cGJuVjRMV1Y0ZEhKaElHVjBJR3duYVc1emRHRnNiR1VLQ21GdFlYcHZiaTFzYVc1MWVDMWxlSFJ5WVhNZ1pXNWhZbXhsSUhCb2NEY3VOQXB6ZFdSdklIbDFiU0JqYkdWaGJpQnRaWFJoWkdGMFlRcHpkV1J2SUhsMWJTQnBibk4wWVd4c0lDMTVJSEJvY0NCd2FIQXRlM0JsWVhJc1kyZHBMR052YlcxdmJpeGpkWEpzTEcxaWMzUnlhVzVuTEdka0xHMTVjM0ZzYm1Rc1oyVjBkR1Y0ZEN4aVkyMWhkR2dzYW5OdmJpeDRiV3dzWm5CdExHbHVkR3dzZW1sd0xHbHRZWEFzWkdWMlpXeDlDaU1nYVc1emRHRnNiR1VnYkNkbGVIUmxibk5wYjI0Z1NXMWhaMmxqYXdwemRXUnZJSGwxYlNBdGVTQnBibk4wWVd4c0lHZGpZeUJKYldGblpVMWhaMmxqYXlCSmJXRm5aVTFoWjJsamF5MWtaWFpsYkNCSmJXRm5aVTFoWjJsamF5MXdaWEpzQ25CbFkyd2dhVzV6ZEdGc2JDQnBiV0ZuYVdOckNtTm9iVzlrSURjMU5TQXZkWE55TDJ4cFlqWTBMM0JvY0M5dGIyUjFiR1Z6TDJsdFlXZHBZMnN1YzI4S1kyRjBJRHc4UlU5R0lENCtMMlYwWXk5d2FIQXVaQzh5TUMxcGJXRm5hV05yTG1sdWFRcGxlSFJsYm5OcGIyNDlhVzFoWjJsamF3cEZUMFlLYzNsemRHVnRZM1JzSUhKbGMzUmhjblFnY0dod0xXWndiUzV6WlhKMmFXTmxDaU1nSUhURHFXekRxV05vWVhKblpTQnNaU0J3WVdOcllXZGxJRzE1YzNGc0lHVjBJRzFoY21saFpHSWdaM0xEb21ObElNT2dJSGwxYlFwamRYSnNJQzFNYzFNZ0xVOGdhSFIwY0hNNkx5OWtiM2R1Ykc5aFpITXViV0Z5YVdGa1lpNWpiMjB2VFdGeWFXRkVRaTl0WVhKcFlXUmlYM0psY0c5ZmMyVjBkWEFLYzNWa2J5QmlZWE5vSUcxaGNtbGhaR0pmY21Wd2IxOXpaWFIxY0NBdExXOXpMWFI1Y0dVOWNtaGxiQ0FnTFMxdmN5MTJaWEp6YVc5dVBUY2dMUzF0WVhKcFlXUmlMWE5sY25abGNpMTJaWEp6YVc5dVBURXdMamNLYzNWa2J5QnliU0F0Y21ZZ0wzWmhjaTlqWVdOb1pTOTVkVzBLYzNWa2J5QjVkVzBnYldGclpXTmhZMmhsQ25OMVpHOGdlWFZ0SUdsdWMzUmhiR3dnTFhrZ1RXRnlhV0ZFUWkxelpYSjJaWElnVFdGeWFXRkVRaTFqYkdsbGJuUUtDZ3B6ZVhOMFpXMWpkR3dnYzNSaGNuUWdJR2gwZEhCa0NuTjVjM1JsYldOMGJDQnpkR0Z5ZENCdGVYTnhiR1FLQ2lNZ1EyaGhibWRsSUd4bElIQnliM0J5YWNPcGRHRnBjbVVnWlhRZ2JHVnpJR0YxZEc5eWFYTmhkR2x2Ym5NZ1pIVWdjc09wY0dWeWRHOXBjbVVnTDNaaGNpOTNkM2NLZFhObGNtMXZaQ0F0WVNBdFJ5QmhjR0ZqYUdVZ1pXTXlMWFZ6WlhJS1kyaHZkMjRnTFZJZ1pXTXlMWFZ6WlhJNllYQmhZMmhsSUM5MllYSXZkM2QzQ21acGJtUWdMM1poY2k5M2QzY2dMWFI1Y0dVZ1pDQXRaWGhsWXlCamFHMXZaQ0F5TnpjMUlIdDlJRnc3Q21acGJtUWdMM1poY2k5M2QzY2dMWFI1Y0dVZ1ppQXRaWGhsWXlCamFHMXZaQ0F3TmpZMElIdDlJRnc3Q2dvaklGVERxV3pEcVdOb1lYSm5aU0JzWlNCd1lXTnJZV2RsSUhkdmNtUndjbVZ6Y3lCbGRDQnNKMlY0ZEhKaGFYUUtkMmRsZENCb2RIUndjem92TDNkdmNtUndjbVZ6Y3k1dmNtY3ZiR0YwWlhOMExuUmhjaTVuZWdwMFlYSWdMWGg2WmlCc1lYUmxjM1F1ZEdGeUxtZDZDbU53SUMxeUlIZHZjbVJ3Y21WemN5OHFJQzkyWVhJdmQzZDNMMmgwYld3dkNnb0tJeUJOYjJScFptbGxJR3duWVhWMGIzSnBjMkYwYVc5dUlHUjFJR1pwWTJocFpYSWdhbTkxY201aGJDQmtaWE1nWlhKeVpYVnljeUJ3YjNWeUlHVjRkSEpoYVhKbElHeGxJRzF2ZENCa1pTQndZWE56WlNCeWIyOTBJR2x1YVhScFlXd0tZMmh2ZDI0Z0lHVmpNaTExYzJWeU9tRndZV05vWlNBdmRtRnlMMnh2Wnk5dGVYTnhiR1F1Ykc5bkNuUmxiWEJ3WVhOemQyOXlaRDBrS0dkeVpYQWdKM1JsYlhCdmNtRnllU0J3WVhOemQyOXlaQ2NnTDNaaGNpOXNiMmN2YlhsemNXeGtMbXh2WnlCOElHZHlaWEFnTFc4Z0lpNWNlekV5WEgwa0lpa0tZMmh2ZDI0Z0lHMTVjM0ZzT20xNWMzRnNJQzkyWVhJdmJHOW5MMjE1YzNGc1pDNXNiMmNLQ2lNZ1EyaGhibWRsSUd4bElHMXZkQ0JrWlNCd1lYTnpaU0J5YjI5MENtMTVjM0ZzSUMxd0pIUmxiWEJ3WVhOemQyOXlaQ0F0TFdOdmJtNWxZM1F0Wlhod2FYSmxaQzF3WVhOemQyOXlaQ0FnTFdVZ0lsTkZWQ0JRUVZOVFYwOVNSQ0JHVDFJZ2NtOXZkRUJzYjJOaGJHaHZjM1FnUFNCUVFWTlRWMDlTUkNnbkpHUmlYM0p2YjNSZmNHRnpjM2R2Y21RbktUdEdURlZUU0NCUVVrbFdTVXhGUjBWVE95SUtiWGx6Y1d3Z0xYQW5KR1JpWDNKdmIzUmZjR0Z6YzNkdmNtUW5JQ0F0WlNBaVJFVk1SVlJGSUVaU1QwMGdiWGx6Y1d3dWRYTmxjaUJYU0VWU1JTQlZjMlZ5UFNjbk95SUtiWGx6Y1d3Z0xYQW5KR1JpWDNKdmIzUmZjR0Z6YzNkdmNtUW5JQzFsSUNKRVJVeEZWRVVnUmxKUFRTQnRlWE54YkM1MWMyVnlJRmRJUlZKRklGVnpaWEk5SjNKdmIzUW5JRUZPUkNCSWIzTjBJRTVQVkNCSlRpQW9KMnh2WTJGc2FHOXpkQ2NzSUNjeE1qY3VNQzR3TGpFbkxDQW5Pam94SnlrN0lnb0tDaU1nUTNMRHFXVnlJSFZ1SUhWMGFXeHBjMkYwWlhWeUlHUmxJR0poYzJVZ1pHVWdaRzl1YnNPcFpYTWdaWFFnWVdOamIzSmtaWElnWkdWeklIQnlhWFpwYk1Pb1oyVnpDbTE1YzNGc0lDMTFJSEp2YjNRZ0xYQWlKR1JpWDNKdmIzUmZjR0Z6YzNkdmNtUWlJQzFsSUNKSFVrRk9WQ0JCVEV3Z1VGSkpWa2xNUlVkRlV5QlBUaUFxTGlvZ1ZFOGdKeVJrWWw5MWMyVnlibUZ0WlNkQUoyeHZZMkZzYUc5emRDY2dTVVJGVGxSSlJrbEZSQ0JDV1NBbkpHUmlYM1Z6WlhKZmNHRnpjM2R2Y21Rbk8wWk1WVk5JSUZCU1NWWkpURVZIUlZNN0lnb0tJeUJEY3NPcFpYSWdkVzVsSUdKaGMyVWdaR1VnWkc5dWJzT3BaWE1LYlhsemNXd2dMWFVnSkdSaVgzVnpaWEp1WVcxbElDMXdJaVJrWWw5MWMyVnlYM0JoYzNOM2IzSmtJaUF0WlNBaVExSkZRVlJGSUVSQlZFRkNRVk5GSUNSa1lsOXVZVzFsT3lJS0NpTWdRM0xEcVdWeUlIVnVJR1pwWTJocFpYSWdaR1VnWTI5dVptbG5kWEpoZEdsdmJpQjNiM0prY0hKbGMzTWdaWFFnYldWMGRISmxJTU9nSUdwdmRYSWdiR0VnZG1Gc1pYVnlJR1JsSUd4aElHSmhjMlVnWkdVZ1pHOXVic09wWlhNS1kyUWdMM1poY2k5M2QzY3ZhSFJ0YkFwamNDQjNjQzFqYjI1bWFXY3RjMkZ0Y0d4bExuQm9jQ0IzY0MxamIyNW1hV2N1Y0dod0NncHpaV1FnTFdrZ0luTXZaR0YwWVdKaGMyVmZibUZ0WlY5b1pYSmxMeVJrWWw5dVlXMWxMMmNpSUhkd0xXTnZibVpwWnk1d2FIQUtjMlZrSUMxcElDSnpMM1Z6WlhKdVlXMWxYMmhsY21VdkpHUmlYM1Z6WlhKdVlXMWxMMmNpSUhkd0xXTnZibVpwWnk1d2FIQUtjMlZrSUMxcElDSnpMM0JoYzNOM2IzSmtYMmhsY21VdkpHUmlYM1Z6WlhKZmNHRnpjM2R2Y21Rdlp5SWdkM0F0WTI5dVptbG5MbkJvY0FwallYUWdQRHhGVDBZZ1BqNHZkbUZ5TDNkM2R5OW9kRzFzTDNkd0xXTnZibVpwWnk1d2FIQUtDbVJsWm1sdVpTZ2dKMFpUWDAxRlZFaFBSQ2NzSUNka2FYSmxZM1FuSUNrN0NtUmxabWx1WlNnblYxQmZUVVZOVDFKWlgweEpUVWxVSnl3Z0p6STFOazBuS1RzS1JVOUdDZ29qSUUxdlpHbG1hV1VnYkNkaGRYUnZjbWx6WVhScGIyNGdaR1VnTDNaaGNpOTNkM2N2YUhSdGJDOEtZMmh2ZDI0Z0xWSWdaV015TFhWelpYSTZZWEJoWTJobElDOTJZWEl2ZDNkM0wyaDBiV3dLWTJodGIyUWdMVklnTnpjMElDOTJZWEl2ZDNkM0wyaDBiV3dLQ2lNZ0lHRmpkR2wyWlNCc1pYTWdabWxqYUdsbGNuTWdMbWgwWVdOalpYTnpJR1JoYm5NZ2JHRWdZMjl1Wm1sbmRYSmhkR2x2YmlCQmNHRmphR1VndzZBZ2JDZGhhV1JsSUdSbElHeGhJR052YlcxaGJtUmxJSE5sWkFwelpXUWdMV2tnSnk4OFJHbHlaV04wYjNKNUlDSmNMM1poY2x3dmQzZDNYQzlvZEcxc0lqNHZMQzg4WEM5RWFYSmxZM1J2Y25rK0x5QnpMMEZzYkc5M1QzWmxjbkpwWkdVZ1RtOXVaUzlCYkd4dmQwOTJaWEp5YVdSbElHRnNiQzhuSUM5bGRHTXZhSFIwY0dRdlkyOXVaaTlvZEhSd1pDNWpiMjVtQ2dvaklGQmxjbTFsZENCeGRTZGhjR0ZqYUdVZ1pYUWdiV0Z5YVdGa1lpQmt3Nmx0WVhKeVpXNTBJR1YwSUhKbFpNT3BiV0Z5Y21WdWRDQmhkWFJ2YldGMGFYRjFaVzFsYm5RS2MzbHpkR1Z0WTNSc0lHVnVZV0pzWlNBZ2FIUjBjR1F1YzJWeWRtbGpaUXB6ZFdSdklITjVjM1JsYldOMGJDQmxibUZpYkdVZ0xTMXViM2NnYldGeWFXRmtZZ3B6ZVhOMFpXMWpkR3dnY21WemRHRnlkQ0JvZEhSd1pDNXpaWEoyYVdObA==",
            "vpc_security_group_ids": []
          },
          "sensitive_attributes": [],
          "private": "bnVsbA=="
        }
      ]
    },
    {
      "module": "module.bastion",
      "mode": "managed",
      "type": "aws_autoscaling_group",
      "name": "bastion",
      "provider": "provider[\"registry.terraform.io/hashicorp/aws\"]",
      "instances": [
        {
          "schema_version": 1,
          "attributes": {
            "arn": "arn:aws:autoscaling:eu-west-3:654654466828:autoScalingGroup:9732546c-e90f-4cea-b981-7d304d52d3b8:autoScalingGroupName/terraform-20240223004236315500000002",
            "availability_zones": [
              "eu-west-3a",
              "eu-west-3b"
            ],
            "capacity_rebalance": false,
            "context": "",
            "default_cooldown": 300,
            "default_instance_warmup": 0,
            "desired_capacity": 1,
            "desired_capacity_type": "",
            "enabled_metrics": null,
            "force_delete": false,
            "force_delete_warm_pool": false,
            "health_check_grace_period": 300,
            "health_check_type": "EC2",
            "id": "terraform-20240223004236315500000002",
            "ignore_failed_scaling_activities": false,
            "initial_lifecycle_hook": [],
            "instance_maintenance_policy": [],
            "instance_refresh": [],
            "launch_configuration": "bastion-20240223004235738700000001",
            "launch_template": [],
            "load_balancers": [],
            "max_instance_lifetime": 0,
            "max_size": 2,
            "metrics_granularity": "1Minute",
            "min_elb_capacity": null,
            "min_size": 1,
            "mixed_instances_policy": [],
            "name": "terraform-20240223004236315500000002",
            "name_prefix": "terraform-",
            "placement_group": "",
            "predicted_capacity": 0,
            "protect_from_scale_in": false,
            "service_linked_role_arn": "arn:aws:iam::654654466828:role/aws-service-role/autoscaling.amazonaws.com/AWSServiceRoleForAutoScaling",
            "suspended_processes": null,
            "tag": [
              {
                "key": "Name",
                "propagate_at_launch": true,
                "value": "Bastion"
              }
            ],
            "target_group_arns": [],
            "termination_policies": null,
            "timeouts": null,
            "traffic_source": [],
            "vpc_zone_identifier": [
              "subnet-064faa39fb23fe2ae",
              "subnet-093915df36f71bb56"
            ],
            "wait_for_capacity_timeout": "10m",
            "wait_for_elb_capacity": null,
            "warm_pool": [],
            "warm_pool_size": 0
          },
          "sensitive_attributes": [],
          "private": "eyJlMmJmYjczMC1lY2FhLTExZTYtOGY4OC0zNDM2M2JjN2M0YzAiOnsiZGVsZXRlIjo2MDAwMDAwMDAwMDAsInVwZGF0ZSI6NjAwMDAwMDAwMDAwfSwic2NoZW1hX3ZlcnNpb24iOiIxIn0=",
          "dependencies": [
            "module.bastion.aws_launch_configuration.bastion",
            "module.security_group.aws_security_group.bastion_sg",
            "module.subnets.aws_subnet.public",
            "module.vpc.aws_vpc.wp_vpc"
          ]
        }
      ]
    },
    {
      "module": "module.bastion",
      "mode": "managed",
      "type": "aws_launch_configuration",
      "name": "bastion",
      "provider": "provider[\"registry.terraform.io/hashicorp/aws\"]",
      "instances": [
        {
          "schema_version": 0,
          "attributes": {
            "arn": "arn:aws:autoscaling:eu-west-3:654654466828:launchConfiguration:457b0226-8fd2-4380-a0d2-cce84bb2ccc7:launchConfigurationName/bastion-20240223004235738700000001",
            "associate_public_ip_address": false,
            "ebs_block_device": [],
            "ebs_optimized": false,
            "enable_monitoring": true,
            "ephemeral_block_device": [],
            "iam_instance_profile": "",
            "id": "bastion-20240223004235738700000001",
            "image_id": "ami-0d32100ea85327283",
            "instance_type": "t2.micro",
            "key_name": "Datascientest",
            "metadata_options": [],
            "name": "bastion-20240223004235738700000001",
            "name_prefix": "bastion-",
            "placement_tenancy": "",
            "root_block_device": [],
            "security_groups": [
              "sg-0406e79a6857a28e5"
            ],
            "spot_price": "",
            "user_data": null,
            "user_data_base64": null
          },
          "sensitive_attributes": [],
          "private": "bnVsbA==",
          "dependencies": [
            "module.security_group.aws_security_group.bastion_sg",
            "module.vpc.aws_vpc.wp_vpc"
          ],
          "create_before_destroy": true
        }
      ]
    },
    {
      "module": "module.db_subnet_group",
      "mode": "managed",
      "type": "aws_db_subnet_group",
      "name": "wp_db_subnet_group",
      "provider": "provider[\"registry.terraform.io/hashicorp/aws\"]",
      "instances": [
        {
          "schema_version": 0,
          "attributes": {
            "arn": "arn:aws:rds:eu-west-3:654654466828:subgrp:mywp-db-subnet-group",
            "description": "Managed by Terraform",
            "id": "mywp-db-subnet-group",
            "name": "mywp-db-subnet-group",
            "name_prefix": "",
            "subnet_ids": [
              "subnet-09480d10b36af0795",
              "subnet-0dcc586b035e9a074"
            ],
            "supported_network_types": [
              "IPV4"
            ],
            "tags": {
              "Name": "mywp-db-subnet-group"
            },
            "tags_all": {
              "Name": "mywp-db-subnet-group"
            },
            "vpc_id": "vpc-01c8158e3807afbe2"
          },
          "sensitive_attributes": [],
          "private": "bnVsbA==",
          "dependencies": [
            "module.subnets.aws_subnet.private",
            "module.vpc.aws_vpc.wp_vpc"
          ]
        }
      ]
    },
    {
      "module": "module.ec2",
      "mode": "managed",
      "type": "aws_instance",
      "name": "ec2",
      "provider": "provider[\"registry.terraform.io/hashicorp/aws\"]",
      "instances": [
        {
          "index_key": 0,
          "schema_version": 1,
          "attributes": {
            "ami": "ami-0d32100ea85327283",
            "arn": "arn:aws:ec2:eu-west-3:654654466828:instance/i-01b21ea13b92abc9c",
            "associate_public_ip_address": true,
            "availability_zone": "eu-west-3a",
            "capacity_reservation_specification": [
              {
                "capacity_reservation_preference": "open",
                "capacity_reservation_target": []
              }
            ],
            "cpu_core_count": 1,
            "cpu_options": [
              {
                "amd_sev_snp": "",
                "core_count": 1,
                "threads_per_core": 1
              }
            ],
            "cpu_threads_per_core": 1,
            "credit_specification": [
              {
                "cpu_credits": "standard"
              }
            ],
            "disable_api_stop": false,
            "disable_api_termination": false,
            "ebs_block_device": [],
            "ebs_optimized": false,
            "enclave_options": [
              {
                "enabled": false
              }
            ],
            "ephemeral_block_device": [],
            "get_password_data": false,
            "hibernation": false,
            "host_id": "",
            "host_resource_group_arn": null,
            "iam_instance_profile": "",
            "id": "i-01b21ea13b92abc9c",
            "instance_initiated_shutdown_behavior": "stop",
            "instance_lifecycle": "",
            "instance_market_options": [],
            "instance_state": "running",
            "instance_type": "t2.micro",
            "ipv6_address_count": 0,
            "ipv6_addresses": [],
            "key_name": "Datascientest",
            "launch_template": [],
            "maintenance_options": [
              {
                "auto_recovery": "default"
              }
            ],
            "metadata_options": [
              {
                "http_endpoint": "enabled",
                "http_protocol_ipv6": "disabled",
                "http_put_response_hop_limit": 1,
                "http_tokens": "optional",
                "instance_metadata_tags": "disabled"
              }
            ],
            "monitoring": false,
            "network_interface": [],
            "outpost_arn": "",
            "password_data": "",
            "placement_group": "",
            "placement_partition_number": 0,
            "primary_network_interface_id": "eni-01202ae32d704a9fb",
            "private_dns": "ip-10-0-1-148.eu-west-3.compute.internal",
            "private_dns_name_options": [
              {
                "enable_resource_name_dns_a_record": false,
                "enable_resource_name_dns_aaaa_record": false,
                "hostname_type": "ip-name"
              }
            ],
            "private_ip": "10.0.1.148",
            "public_dns": "ec2-13-39-104-38.eu-west-3.compute.amazonaws.com",
            "public_ip": "13.39.104.38",
            "root_block_device": [
              {
                "delete_on_termination": true,
                "device_name": "/dev/xvda",
                "encrypted": false,
                "iops": 100,
                "kms_key_id": "",
                "tags": {},
                "throughput": 0,
                "volume_id": "vol-09fef2ab55275016b",
                "volume_size": 8,
                "volume_type": "gp2"
              }
            ],
            "secondary_private_ips": [],
            "security_groups": [],
            "source_dest_check": true,
            "spot_instance_request_id": "",
            "subnet_id": "subnet-093915df36f71bb56",
            "tags": {
              "Name": "EC2-instance-0"
            },
            "tags_all": {
              "Name": "EC2-instance-0"
            },
            "tenancy": "default",
            "timeouts": null,
            "user_data": null,
            "user_data_base64": null,
            "user_data_replace_on_change": false,
            "volume_tags": null,
            "vpc_security_group_ids": [
              "sg-0f0db2520a2b74987"
            ]
          },
          "sensitive_attributes": [],
          "private": "eyJlMmJmYjczMC1lY2FhLTExZTYtOGY4OC0zNDM2M2JjN2M0YzAiOnsiY3JlYXRlIjo2MDAwMDAwMDAwMDAsImRlbGV0ZSI6MTIwMDAwMDAwMDAwMCwidXBkYXRlIjo2MDAwMDAwMDAwMDB9LCJzY2hlbWFfdmVyc2lvbiI6IjEifQ==",
          "dependencies": [
            "module.security_group.aws_security_group.ec2_sg",
            "module.subnets.aws_subnet.public",
            "module.vpc.aws_vpc.wp_vpc"
          ]
        },
        {
          "index_key": 1,
          "schema_version": 1,
          "attributes": {
            "ami": "ami-0d32100ea85327283",
            "arn": "arn:aws:ec2:eu-west-3:654654466828:instance/i-09efc348592a9a675",
            "associate_public_ip_address": true,
            "availability_zone": "eu-west-3b",
            "capacity_reservation_specification": [
              {
                "capacity_reservation_preference": "open",
                "capacity_reservation_target": []
              }
            ],
            "cpu_core_count": 1,
            "cpu_options": [
              {
                "amd_sev_snp": "",
                "core_count": 1,
                "threads_per_core": 1
              }
            ],
            "cpu_threads_per_core": 1,
            "credit_specification": [
              {
                "cpu_credits": "standard"
              }
            ],
            "disable_api_stop": false,
            "disable_api_termination": false,
            "ebs_block_device": [],
            "ebs_optimized": false,
            "enclave_options": [
              {
                "enabled": false
              }
            ],
            "ephemeral_block_device": [],
            "get_password_data": false,
            "hibernation": false,
            "host_id": "",
            "host_resource_group_arn": null,
            "iam_instance_profile": "",
            "id": "i-09efc348592a9a675",
            "instance_initiated_shutdown_behavior": "stop",
            "instance_lifecycle": "",
            "instance_market_options": [],
            "instance_state": "running",
            "instance_type": "t2.micro",
            "ipv6_address_count": 0,
            "ipv6_addresses": [],
            "key_name": "Datascientest",
            "launch_template": [],
            "maintenance_options": [
              {
                "auto_recovery": "default"
              }
            ],
            "metadata_options": [
              {
                "http_endpoint": "enabled",
                "http_protocol_ipv6": "disabled",
                "http_put_response_hop_limit": 1,
                "http_tokens": "optional",
                "instance_metadata_tags": "disabled"
              }
            ],
            "monitoring": false,
            "network_interface": [],
            "outpost_arn": "",
            "password_data": "",
            "placement_group": "",
            "placement_partition_number": 0,
            "primary_network_interface_id": "eni-05bff4ca8448387ef",
            "private_dns": "ip-10-0-2-32.eu-west-3.compute.internal",
            "private_dns_name_options": [
              {
                "enable_resource_name_dns_a_record": false,
                "enable_resource_name_dns_aaaa_record": false,
                "hostname_type": "ip-name"
              }
            ],
            "private_ip": "10.0.2.32",
            "public_dns": "ec2-15-236-64-63.eu-west-3.compute.amazonaws.com",
            "public_ip": "15.236.64.63",
            "root_block_device": [
              {
                "delete_on_termination": true,
                "device_name": "/dev/xvda",
                "encrypted": false,
                "iops": 100,
                "kms_key_id": "",
                "tags": {},
                "throughput": 0,
                "volume_id": "vol-02b86ffd8f41660b5",
                "volume_size": 8,
                "volume_type": "gp2"
              }
            ],
            "secondary_private_ips": [],
            "security_groups": [],
            "source_dest_check": true,
            "spot_instance_request_id": "",
            "subnet_id": "subnet-064faa39fb23fe2ae",
            "tags": {
              "Name": "EC2-instance-1"
            },
            "tags_all": {
              "Name": "EC2-instance-1"
            },
            "tenancy": "default",
            "timeouts": null,
            "user_data": null,
            "user_data_base64": null,
            "user_data_replace_on_change": false,
            "volume_tags": null,
            "vpc_security_group_ids": [
              "sg-0f0db2520a2b74987"
            ]
          },
          "sensitive_attributes": [],
          "private": "eyJlMmJmYjczMC1lY2FhLTExZTYtOGY4OC0zNDM2M2JjN2M0YzAiOnsiY3JlYXRlIjo2MDAwMDAwMDAwMDAsImRlbGV0ZSI6MTIwMDAwMDAwMDAwMCwidXBkYXRlIjo2MDAwMDAwMDAwMDB9LCJzY2hlbWFfdmVyc2lvbiI6IjEifQ==",
          "dependencies": [
            "module.security_group.aws_security_group.ec2_sg",
            "module.subnets.aws_subnet.public",
            "module.vpc.aws_vpc.wp_vpc"
          ]
        }
      ]
    },
    {
      "module": "module.nat_gateway",
      "mode": "managed",
      "type": "aws_eip",
      "name": "nat",
      "provider": "provider[\"registry.terraform.io/hashicorp/aws\"]",
      "instances": [
        {
          "index_key": 0,
          "schema_version": 0,
          "attributes": {
            "address": null,
            "allocation_id": "eipalloc-0cca229da1b11a6b3",
            "associate_with_private_ip": null,
            "association_id": "eipassoc-0dd0d925618a1b8cf",
            "carrier_ip": "",
            "customer_owned_ip": "",
            "customer_owned_ipv4_pool": "",
            "domain": "vpc",
            "id": "eipalloc-0cca229da1b11a6b3",
            "instance": "",
            "network_border_group": "eu-west-3",
            "network_interface": "eni-0f1fe393c3ffc62b6",
            "private_dns": "ip-10-0-1-208.eu-west-3.compute.internal",
            "private_ip": "10.0.1.208",
            "public_dns": "ec2-15-237-70-114.eu-west-3.compute.amazonaws.com",
            "public_ip": "15.237.70.114",
            "public_ipv4_pool": "amazon",
            "tags": {},
            "tags_all": {},
            "timeouts": null,
            "vpc": true
          },
          "sensitive_attributes": [],
          "private": "eyJlMmJmYjczMC1lY2FhLTExZTYtOGY4OC0zNDM2M2JjN2M0YzAiOnsiZGVsZXRlIjoxODAwMDAwMDAwMDAsInJlYWQiOjkwMDAwMDAwMDAwMCwidXBkYXRlIjozMDAwMDAwMDAwMDB9fQ==",
          "dependencies": [
            "module.subnets.aws_subnet.public",
            "module.vpc.aws_vpc.wp_vpc"
          ]
        },
        {
          "index_key": 1,
          "schema_version": 0,
          "attributes": {
            "address": null,
            "allocation_id": "eipalloc-07a74c84336f07f14",
            "associate_with_private_ip": null,
            "association_id": "eipassoc-05c6da9645574bc53",
            "carrier_ip": "",
            "customer_owned_ip": "",
            "customer_owned_ipv4_pool": "",
            "domain": "vpc",
            "id": "eipalloc-07a74c84336f07f14",
            "instance": "",
            "network_border_group": "eu-west-3",
            "network_interface": "eni-03fb0fb7da0b00078",
            "private_dns": "ip-10-0-2-128.eu-west-3.compute.internal",
            "private_ip": "10.0.2.128",
            "public_dns": "ec2-13-39-255-237.eu-west-3.compute.amazonaws.com",
            "public_ip": "13.39.255.237",
            "public_ipv4_pool": "amazon",
            "tags": {},
            "tags_all": {},
            "timeouts": null,
            "vpc": true
          },
          "sensitive_attributes": [],
          "private": "eyJlMmJmYjczMC1lY2FhLTExZTYtOGY4OC0zNDM2M2JjN2M0YzAiOnsiZGVsZXRlIjoxODAwMDAwMDAwMDAsInJlYWQiOjkwMDAwMDAwMDAwMCwidXBkYXRlIjozMDAwMDAwMDAwMDB9fQ==",
          "dependencies": [
            "module.subnets.aws_subnet.public",
            "module.vpc.aws_vpc.wp_vpc"
          ]
        }
      ]
    },
    {
      "module": "module.nat_gateway",
      "mode": "managed",
      "type": "aws_internet_gateway",
      "name": "igw",
      "provider": "provider[\"registry.terraform.io/hashicorp/aws\"]",
      "instances": [
        {
          "schema_version": 0,
          "attributes": {
            "arn": "arn:aws:ec2:eu-west-3:654654466828:internet-gateway/igw-0f8078f64daf9a9b3",
            "id": "igw-0f8078f64daf9a9b3",
            "owner_id": "654654466828",
            "tags": {},
            "tags_all": {},
            "timeouts": null,
            "vpc_id": "vpc-01c8158e3807afbe2"
          },
          "sensitive_attributes": [],
          "private": "eyJlMmJmYjczMC1lY2FhLTExZTYtOGY4OC0zNDM2M2JjN2M0YzAiOnsiY3JlYXRlIjoxMjAwMDAwMDAwMDAwLCJkZWxldGUiOjEyMDAwMDAwMDAwMDAsInVwZGF0ZSI6MTIwMDAwMDAwMDAwMH19",
          "dependencies": [
            "module.vpc.aws_vpc.wp_vpc"
          ]
        }
      ]
    },
    {
      "module": "module.nat_gateway",
      "mode": "managed",
      "type": "aws_nat_gateway",
      "name": "nat",
      "provider": "provider[\"registry.terraform.io/hashicorp/aws\"]",
      "instances": [
        {
          "index_key": 0,
          "schema_version": 0,
          "attributes": {
            "allocation_id": "eipalloc-0cca229da1b11a6b3",
            "association_id": "eipassoc-0dd0d925618a1b8cf",
            "connectivity_type": "public",
            "id": "nat-0df4ec9aa7c2e5ffb",
            "network_interface_id": "eni-0f1fe393c3ffc62b6",
            "private_ip": "10.0.1.208",
            "public_ip": "15.237.70.114",
            "secondary_allocation_ids": [],
            "secondary_private_ip_address_count": 0,
            "secondary_private_ip_addresses": [],
            "subnet_id": "subnet-093915df36f71bb56",
            "tags": {
              "Name": "NAT-Gateway-0"
            },
            "tags_all": {
              "Name": "NAT-Gateway-0"
            },
            "timeouts": null
          },
          "sensitive_attributes": [],
          "private": "eyJlMmJmYjczMC1lY2FhLTExZTYtOGY4OC0zNDM2M2JjN2M0YzAiOnsiY3JlYXRlIjo2MDAwMDAwMDAwMDAsImRlbGV0ZSI6MTgwMDAwMDAwMDAwMCwidXBkYXRlIjo2MDAwMDAwMDAwMDB9fQ==",
          "dependencies": [
            "module.nat_gateway.aws_eip.nat",
            "module.subnets.aws_subnet.public",
            "module.vpc.aws_vpc.wp_vpc"
          ]
        },
        {
          "index_key": 1,
          "schema_version": 0,
          "attributes": {
            "allocation_id": "eipalloc-07a74c84336f07f14",
            "association_id": "eipassoc-05c6da9645574bc53",
            "connectivity_type": "public",
            "id": "nat-0ddb904a60674199e",
            "network_interface_id": "eni-03fb0fb7da0b00078",
            "private_ip": "10.0.2.128",
            "public_ip": "13.39.255.237",
            "secondary_allocation_ids": [],
            "secondary_private_ip_address_count": 0,
            "secondary_private_ip_addresses": [],
            "subnet_id": "subnet-064faa39fb23fe2ae",
            "tags": {
              "Name": "NAT-Gateway-1"
            },
            "tags_all": {
              "Name": "NAT-Gateway-1"
            },
            "timeouts": null
          },
          "sensitive_attributes": [],
          "private": "eyJlMmJmYjczMC1lY2FhLTExZTYtOGY4OC0zNDM2M2JjN2M0YzAiOnsiY3JlYXRlIjo2MDAwMDAwMDAwMDAsImRlbGV0ZSI6MTgwMDAwMDAwMDAwMCwidXBkYXRlIjo2MDAwMDAwMDAwMDB9fQ==",
          "dependencies": [
            "module.nat_gateway.aws_eip.nat",
            "module.subnets.aws_subnet.public",
            "module.vpc.aws_vpc.wp_vpc"
          ]
        }
      ]
    },
    {
      "module": "module.nat_gateway",
      "mode": "managed",
      "type": "aws_route",
      "name": "private_nat",
      "provider": "provider[\"registry.terraform.io/hashicorp/aws\"]",
      "instances": [
        {
          "index_key": 0,
          "schema_version": 0,
          "attributes": {
            "carrier_gateway_id": "",
            "core_network_arn": "",
            "destination_cidr_block": "0.0.0.0/0",
            "destination_ipv6_cidr_block": "",
            "destination_prefix_list_id": "",
            "egress_only_gateway_id": "",
            "gateway_id": "",
            "id": "r-rtb-0746b70a917b95bf91080289494",
            "instance_id": "",
            "instance_owner_id": "",
            "local_gateway_id": "",
            "nat_gateway_id": "nat-0df4ec9aa7c2e5ffb",
            "network_interface_id": "",
            "origin": "CreateRoute",
            "route_table_id": "rtb-0746b70a917b95bf9",
            "state": "active",
            "timeouts": null,
            "transit_gateway_id": "",
            "vpc_endpoint_id": "",
            "vpc_peering_connection_id": ""
          },
          "sensitive_attributes": [],
          "private": "eyJlMmJmYjczMC1lY2FhLTExZTYtOGY4OC0zNDM2M2JjN2M0YzAiOnsiY3JlYXRlIjozMDAwMDAwMDAwMDAsImRlbGV0ZSI6MzAwMDAwMDAwMDAwLCJ1cGRhdGUiOjEyMDAwMDAwMDAwMH19",
          "dependencies": [
            "module.nat_gateway.aws_eip.nat",
            "module.nat_gateway.aws_nat_gateway.nat",
            "module.nat_gateway.aws_route_table.private",
            "module.subnets.aws_subnet.private",
            "module.subnets.aws_subnet.public",
            "module.vpc.aws_vpc.wp_vpc"
          ]
        },
        {
          "index_key": 1,
          "schema_version": 0,
          "attributes": {
            "carrier_gateway_id": "",
            "core_network_arn": "",
            "destination_cidr_block": "0.0.0.0/0",
            "destination_ipv6_cidr_block": "",
            "destination_prefix_list_id": "",
            "egress_only_gateway_id": "",
            "gateway_id": "",
            "id": "r-rtb-0125bb414995741bf1080289494",
            "instance_id": "",
            "instance_owner_id": "",
            "local_gateway_id": "",
            "nat_gateway_id": "nat-0ddb904a60674199e",
            "network_interface_id": "",
            "origin": "CreateRoute",
            "route_table_id": "rtb-0125bb414995741bf",
            "state": "active",
            "timeouts": null,
            "transit_gateway_id": "",
            "vpc_endpoint_id": "",
            "vpc_peering_connection_id": ""
          },
          "sensitive_attributes": [],
          "private": "eyJlMmJmYjczMC1lY2FhLTExZTYtOGY4OC0zNDM2M2JjN2M0YzAiOnsiY3JlYXRlIjozMDAwMDAwMDAwMDAsImRlbGV0ZSI6MzAwMDAwMDAwMDAwLCJ1cGRhdGUiOjEyMDAwMDAwMDAwMH19",
          "dependencies": [
            "module.nat_gateway.aws_eip.nat",
            "module.nat_gateway.aws_nat_gateway.nat",
            "module.nat_gateway.aws_route_table.private",
            "module.subnets.aws_subnet.private",
            "module.subnets.aws_subnet.public",
            "module.vpc.aws_vpc.wp_vpc"
          ]
        }
      ]
    },
    {
      "module": "module.nat_gateway",
      "mode": "managed",
      "type": "aws_route_table",
      "name": "private",
      "provider": "provider[\"registry.terraform.io/hashicorp/aws\"]",
      "instances": [
        {
          "index_key": 0,
          "schema_version": 0,
          "attributes": {
            "arn": "arn:aws:ec2:eu-west-3:654654466828:route-table/rtb-0746b70a917b95bf9",
            "id": "rtb-0746b70a917b95bf9",
            "owner_id": "654654466828",
            "propagating_vgws": [],
            "route": [
              {
                "carrier_gateway_id": "",
                "cidr_block": "0.0.0.0/0",
                "core_network_arn": "",
                "destination_prefix_list_id": "",
                "egress_only_gateway_id": "",
                "gateway_id": "",
                "ipv6_cidr_block": "",
                "local_gateway_id": "",
                "nat_gateway_id": "nat-0df4ec9aa7c2e5ffb",
                "network_interface_id": "",
                "transit_gateway_id": "",
                "vpc_endpoint_id": "",
                "vpc_peering_connection_id": ""
              }
            ],
            "tags": {
              "Name": "Private-Route-Table-0"
            },
            "tags_all": {
              "Name": "Private-Route-Table-0"
            },
            "timeouts": null,
            "vpc_id": "vpc-01c8158e3807afbe2"
          },
          "sensitive_attributes": [],
          "private": "eyJlMmJmYjczMC1lY2FhLTExZTYtOGY4OC0zNDM2M2JjN2M0YzAiOnsiY3JlYXRlIjozMDAwMDAwMDAwMDAsImRlbGV0ZSI6MzAwMDAwMDAwMDAwLCJ1cGRhdGUiOjEyMDAwMDAwMDAwMH19",
          "dependencies": [
            "module.subnets.aws_subnet.private",
            "module.vpc.aws_vpc.wp_vpc"
          ]
        },
        {
          "index_key": 1,
          "schema_version": 0,
          "attributes": {
            "arn": "arn:aws:ec2:eu-west-3:654654466828:route-table/rtb-0125bb414995741bf",
            "id": "rtb-0125bb414995741bf",
            "owner_id": "654654466828",
            "propagating_vgws": [],
            "route": [
              {
                "carrier_gateway_id": "",
                "cidr_block": "0.0.0.0/0",
                "core_network_arn": "",
                "destination_prefix_list_id": "",
                "egress_only_gateway_id": "",
                "gateway_id": "",
                "ipv6_cidr_block": "",
                "local_gateway_id": "",
                "nat_gateway_id": "nat-0ddb904a60674199e",
                "network_interface_id": "",
                "transit_gateway_id": "",
                "vpc_endpoint_id": "",
                "vpc_peering_connection_id": ""
              }
            ],
            "tags": {
              "Name": "Private-Route-Table-1"
            },
            "tags_all": {
              "Name": "Private-Route-Table-1"
            },
            "timeouts": null,
            "vpc_id": "vpc-01c8158e3807afbe2"
          },
          "sensitive_attributes": [],
          "private": "eyJlMmJmYjczMC1lY2FhLTExZTYtOGY4OC0zNDM2M2JjN2M0YzAiOnsiY3JlYXRlIjozMDAwMDAwMDAwMDAsImRlbGV0ZSI6MzAwMDAwMDAwMDAwLCJ1cGRhdGUiOjEyMDAwMDAwMDAwMH19",
          "dependencies": [
            "module.subnets.aws_subnet.private",
            "module.vpc.aws_vpc.wp_vpc"
          ]
        }
      ]
    },
    {
      "module": "module.nat_gateway",
      "mode": "managed",
      "type": "aws_route_table_association",
      "name": "private",
      "provider": "provider[\"registry.terraform.io/hashicorp/aws\"]",
      "instances": [
        {
          "index_key": 0,
          "schema_version": 0,
          "attributes": {
            "gateway_id": "",
            "id": "rtbassoc-06479736b062af1d1",
            "route_table_id": "rtb-0746b70a917b95bf9",
            "subnet_id": "subnet-0dcc586b035e9a074",
            "timeouts": null
          },
          "sensitive_attributes": [],
          "private": "eyJlMmJmYjczMC1lY2FhLTExZTYtOGY4OC0zNDM2M2JjN2M0YzAiOnsiY3JlYXRlIjozMDAwMDAwMDAwMDAsImRlbGV0ZSI6MzAwMDAwMDAwMDAwLCJ1cGRhdGUiOjEyMDAwMDAwMDAwMH19",
          "dependencies": [
            "module.nat_gateway.aws_route_table.private",
            "module.subnets.aws_subnet.private",
            "module.vpc.aws_vpc.wp_vpc"
          ]
        },
        {
          "index_key": 1,
          "schema_version": 0,
          "attributes": {
            "gateway_id": "",
            "id": "rtbassoc-04df925e55e8a3d6a",
            "route_table_id": "rtb-0125bb414995741bf",
            "subnet_id": "subnet-09480d10b36af0795",
            "timeouts": null
          },
          "sensitive_attributes": [],
          "private": "eyJlMmJmYjczMC1lY2FhLTExZTYtOGY4OC0zNDM2M2JjN2M0YzAiOnsiY3JlYXRlIjozMDAwMDAwMDAwMDAsImRlbGV0ZSI6MzAwMDAwMDAwMDAwLCJ1cGRhdGUiOjEyMDAwMDAwMDAwMH19",
          "dependencies": [
            "module.nat_gateway.aws_route_table.private",
            "module.subnets.aws_subnet.private",
            "module.vpc.aws_vpc.wp_vpc"
          ]
        }
      ]
    },
    {
      "module": "module.rds",
      "mode": "managed",
      "type": "aws_db_instance",
      "name": "default",
      "provider": "provider[\"registry.terraform.io/hashicorp/aws\"]",
      "instances": [
        {
          "schema_version": 2,
          "attributes": {
            "address": "terraform-20240222232542840500000001.c36a22way7xi.eu-west-3.rds.amazonaws.com",
            "allocated_storage": 20,
            "allow_major_version_upgrade": null,
            "apply_immediately": false,
            "arn": "arn:aws:rds:eu-west-3:654654466828:db:terraform-20240222232542840500000001",
            "auto_minor_version_upgrade": true,
            "availability_zone": "eu-west-3b",
            "backup_retention_period": 0,
            "backup_target": "region",
            "backup_window": "11:11-11:41",
            "blue_green_update": [],
            "ca_cert_identifier": "rds-ca-rsa2048-g1",
            "character_set_name": "",
            "copy_tags_to_snapshot": false,
            "custom_iam_instance_profile": "",
            "customer_owned_ip_enabled": false,
            "db_name": "wordpressdb",
            "db_subnet_group_name": "mywp-db-subnet-group",
            "delete_automated_backups": true,
            "deletion_protection": false,
            "domain": "",
            "domain_auth_secret_arn": "",
            "domain_dns_ips": [],
            "domain_fqdn": "",
            "domain_iam_role_name": "",
            "domain_ou": "",
            "enabled_cloudwatch_logs_exports": [],
            "endpoint": "terraform-20240222232542840500000001.c36a22way7xi.eu-west-3.rds.amazonaws.com:3306",
            "engine": "mysql",
            "engine_version": "5.7",
            "engine_version_actual": "5.7.44",
            "final_snapshot_identifier": null,
            "hosted_zone_id": "ZMESEXB7ZGGQ3",
            "iam_database_authentication_enabled": false,
            "id": "db-PKUULHNEWMB5LXBPXV7NIO2KWE",
            "identifier": "terraform-20240222232542840500000001",
            "identifier_prefix": "terraform-",
            "instance_class": "db.t3.micro",
            "iops": 0,
            "kms_key_id": "",
            "latest_restorable_time": "",
            "license_model": "general-public-license",
            "listener_endpoint": [],
            "maintenance_window": "thu:05:13-thu:05:43",
            "manage_master_user_password": null,
            "master_user_secret": [],
            "master_user_secret_kms_key_id": null,
            "max_allocated_storage": 0,
            "monitoring_interval": 0,
            "monitoring_role_arn": "",
            "multi_az": true,
            "nchar_character_set_name": "",
            "network_type": "IPV4",
            "option_group_name": "default:mysql-5-7",
            "parameter_group_name": "default.mysql5.7",
            "password": "poei.user.pwd",
            "performance_insights_enabled": false,
            "performance_insights_kms_key_id": "",
            "performance_insights_retention_period": 0,
            "port": 3306,
            "publicly_accessible": false,
            "replica_mode": "",
            "replicas": [],
            "replicate_source_db": "",
            "resource_id": "db-PKUULHNEWMB5LXBPXV7NIO2KWE",
            "restore_to_point_in_time": [],
            "s3_import": [],
            "skip_final_snapshot": true,
            "snapshot_identifier": null,
            "status": "available",
            "storage_encrypted": false,
            "storage_throughput": 0,
            "storage_type": "gp2",
            "tags": {},
            "tags_all": {},
            "timeouts": null,
            "timezone": "",
            "username": "userPoei",
            "vpc_security_group_ids": [
              "sg-0d4c624ba677d0090"
            ]
          },
          "sensitive_attributes": [
            [
              {
                "type": "get_attr",
                "value": "password"
              }
            ]
          ],
          "private": "eyJlMmJmYjczMC1lY2FhLTExZTYtOGY4OC0zNDM2M2JjN2M0YzAiOnsiY3JlYXRlIjoyNDAwMDAwMDAwMDAwLCJkZWxldGUiOjM2MDAwMDAwMDAwMDAsInVwZGF0ZSI6NDgwMDAwMDAwMDAwMH0sInNjaGVtYV92ZXJzaW9uIjoiMiJ9",
          "dependencies": [
            "module.db_subnet_group.aws_db_subnet_group.wp_db_subnet_group",
            "module.security_group.aws_security_group.ec2_sg",
            "module.security_group.aws_security_group.rds_sg",
            "module.subnets.aws_subnet.private",
            "module.vpc.aws_vpc.wp_vpc"
          ]
        }
      ]
    },
    {
      "module": "module.security_group",
      "mode": "managed",
      "type": "aws_security_group",
      "name": "alb_sg",
      "provider": "provider[\"registry.terraform.io/hashicorp/aws\"]",
      "instances": [
        {
          "schema_version": 1,
          "attributes": {
            "arn": "arn:aws:ec2:eu-west-3:654654466828:security-group/sg-00ecc5a1453f88d4b",
            "description": "Security group for ALB in prod environment",
            "egress": [
              {
                "cidr_blocks": [
                  "0.0.0.0/0"
                ],
                "description": "",
                "from_port": 0,
                "ipv6_cidr_blocks": [],
                "prefix_list_ids": [],
                "protocol": "-1",
                "security_groups": [],
                "self": false,
                "to_port": 0
              }
            ],
            "id": "sg-00ecc5a1453f88d4b",
            "ingress": [
              {
                "cidr_blocks": [
                  "0.0.0.0/0"
                ],
                "description": "",
                "from_port": 443,
                "ipv6_cidr_blocks": [],
                "prefix_list_ids": [],
                "protocol": "tcp",
                "security_groups": [],
                "self": false,
                "to_port": 443
              },
              {
                "cidr_blocks": [
                  "0.0.0.0/0"
                ],
                "description": "",
                "from_port": 80,
                "ipv6_cidr_blocks": [],
                "prefix_list_ids": [],
                "protocol": "tcp",
                "security_groups": [],
                "self": false,
                "to_port": 80
              }
            ],
            "name": "alb-sg-prod",
            "name_prefix": "",
            "owner_id": "654654466828",
            "revoke_rules_on_delete": false,
            "tags": {
              "Environment": "prod",
              "Name": "alb-sg-prod"
            },
            "tags_all": {
              "Environment": "prod",
              "Name": "alb-sg-prod"
            },
            "timeouts": null,
            "vpc_id": "vpc-01c8158e3807afbe2"
          },
          "sensitive_attributes": [],
          "private": "eyJlMmJmYjczMC1lY2FhLTExZTYtOGY4OC0zNDM2M2JjN2M0YzAiOnsiY3JlYXRlIjo2MDAwMDAwMDAwMDAsImRlbGV0ZSI6OTAwMDAwMDAwMDAwfSwic2NoZW1hX3ZlcnNpb24iOiIxIn0=",
          "dependencies": [
            "module.vpc.aws_vpc.wp_vpc"
          ]
        }
      ]
    },
    {
      "module": "module.security_group",
      "mode": "managed",
      "type": "aws_security_group",
      "name": "bastion_sg",
      "provider": "provider[\"registry.terraform.io/hashicorp/aws\"]",
      "instances": [
        {
          "schema_version": 1,
          "attributes": {
            "arn": "arn:aws:ec2:eu-west-3:654654466828:security-group/sg-0406e79a6857a28e5",
            "description": "Security Group for SSH access to the bastion",
            "egress": [
              {
                "cidr_blocks": [
                  "0.0.0.0/0"
                ],
                "description": "",
                "from_port": 0,
                "ipv6_cidr_blocks": [],
                "prefix_list_ids": [],
                "protocol": "-1",
                "security_groups": [],
                "self": false,
                "to_port": 0
              }
            ],
            "id": "sg-0406e79a6857a28e5",
            "ingress": [
              {
                "cidr_blocks": [
                  "82.125.205.192/32"
                ],
                "description": "",
                "from_port": 22,
                "ipv6_cidr_blocks": [],
                "prefix_list_ids": [],
                "protocol": "tcp",
                "security_groups": [],
                "self": false,
                "to_port": 22
              }
            ],
            "name": "bastion-sg",
            "name_prefix": "",
            "owner_id": "654654466828",
            "revoke_rules_on_delete": false,
            "tags": {
              "Name": "BastionSG"
            },
            "tags_all": {
              "Name": "BastionSG"
            },
            "timeouts": null,
            "vpc_id": "vpc-01c8158e3807afbe2"
          },
          "sensitive_attributes": [],
          "private": "eyJlMmJmYjczMC1lY2FhLTExZTYtOGY4OC0zNDM2M2JjN2M0YzAiOnsiY3JlYXRlIjo2MDAwMDAwMDAwMDAsImRlbGV0ZSI6OTAwMDAwMDAwMDAwfSwic2NoZW1hX3ZlcnNpb24iOiIxIn0=",
          "dependencies": [
            "module.vpc.aws_vpc.wp_vpc"
          ],
          "create_before_destroy": true
        }
      ]
    },
    {
      "module": "module.security_group",
      "mode": "managed",
      "type": "aws_security_group",
      "name": "ec2_sg",
      "provider": "provider[\"registry.terraform.io/hashicorp/aws\"]",
      "instances": [
        {
          "schema_version": 1,
          "attributes": {
            "arn": "arn:aws:ec2:eu-west-3:654654466828:security-group/sg-0f0db2520a2b74987",
            "description": "Security group for web servers",
            "egress": [
              {
                "cidr_blocks": [
                  "0.0.0.0/0"
                ],
                "description": "",
                "from_port": 0,
                "ipv6_cidr_blocks": [],
                "prefix_list_ids": [],
                "protocol": "-1",
                "security_groups": [],
                "self": false,
                "to_port": 0
              }
            ],
            "id": "sg-0f0db2520a2b74987",
            "ingress": [
              {
                "cidr_blocks": [
                  "0.0.0.0/0"
                ],
                "description": "",
                "from_port": 443,
                "ipv6_cidr_blocks": [],
                "prefix_list_ids": [],
                "protocol": "tcp",
                "security_groups": [],
                "self": false,
                "to_port": 443
              },
              {
                "cidr_blocks": [
                  "0.0.0.0/0"
                ],
                "description": "",
                "from_port": 80,
                "ipv6_cidr_blocks": [],
                "prefix_list_ids": [],
                "protocol": "tcp",
                "security_groups": [],
                "self": false,
                "to_port": 80
              },
              {
                "cidr_blocks": [
                  "82.125.205.192/32"
                ],
                "description": "",
                "from_port": 22,
                "ipv6_cidr_blocks": [],
                "prefix_list_ids": [],
                "protocol": "tcp",
                "security_groups": [],
                "self": false,
                "to_port": 22
              }
            ],
            "name": "ec2-sg",
            "name_prefix": "",
            "owner_id": "654654466828",
            "revoke_rules_on_delete": false,
            "tags": {},
            "tags_all": {},
            "timeouts": null,
            "vpc_id": "vpc-01c8158e3807afbe2"
          },
          "sensitive_attributes": [],
          "private": "eyJlMmJmYjczMC1lY2FhLTExZTYtOGY4OC0zNDM2M2JjN2M0YzAiOnsiY3JlYXRlIjo2MDAwMDAwMDAwMDAsImRlbGV0ZSI6OTAwMDAwMDAwMDAwfSwic2NoZW1hX3ZlcnNpb24iOiIxIn0=",
          "dependencies": [
            "module.vpc.aws_vpc.wp_vpc"
          ]
        }
      ]
    },
    {
      "module": "module.security_group",
      "mode": "managed",
      "type": "aws_security_group",
      "name": "rds_sg",
      "provider": "provider[\"registry.terraform.io/hashicorp/aws\"]",
      "instances": [
        {
          "schema_version": 1,
          "attributes": {
            "arn": "arn:aws:ec2:eu-west-3:654654466828:security-group/sg-0d4c624ba677d0090",
            "description": "Security group for RDS database",
            "egress": [
              {
                "cidr_blocks": [
                  "0.0.0.0/0"
                ],
                "description": "",
                "from_port": 0,
                "ipv6_cidr_blocks": [],
                "prefix_list_ids": [],
                "protocol": "-1",
                "security_groups": [],
                "self": false,
                "to_port": 0
              }
            ],
            "id": "sg-0d4c624ba677d0090",
            "ingress": [
              {
                "cidr_blocks": [],
                "description": "",
                "from_port": 3306,
                "ipv6_cidr_blocks": [],
                "prefix_list_ids": [],
                "protocol": "tcp",
                "security_groups": [
                  "sg-0f0db2520a2b74987"
                ],
                "self": false,
                "to_port": 3306
              }
            ],
            "name": "rds-sg",
            "name_prefix": "",
            "owner_id": "654654466828",
            "revoke_rules_on_delete": false,
            "tags": {},
            "tags_all": {},
            "timeouts": null,
            "vpc_id": "vpc-01c8158e3807afbe2"
          },
          "sensitive_attributes": [],
          "private": "eyJlMmJmYjczMC1lY2FhLTExZTYtOGY4OC0zNDM2M2JjN2M0YzAiOnsiY3JlYXRlIjo2MDAwMDAwMDAwMDAsImRlbGV0ZSI6OTAwMDAwMDAwMDAwfSwic2NoZW1hX3ZlcnNpb24iOiIxIn0=",
          "dependencies": [
            "module.security_group.aws_security_group.ec2_sg",
            "module.vpc.aws_vpc.wp_vpc"
          ]
        }
      ]
    },
    {
      "module": "module.subnets",
      "mode": "managed",
      "type": "aws_subnet",
      "name": "private",
      "provider": "provider[\"registry.terraform.io/hashicorp/aws\"]",
      "instances": [
        {
          "index_key": 0,
          "schema_version": 1,
          "attributes": {
            "arn": "arn:aws:ec2:eu-west-3:654654466828:subnet/subnet-0dcc586b035e9a074",
            "assign_ipv6_address_on_creation": false,
            "availability_zone": "eu-west-3a",
            "availability_zone_id": "euw3-az1",
            "cidr_block": "10.0.3.0/24",
            "customer_owned_ipv4_pool": "",
            "enable_dns64": false,
            "enable_lni_at_device_index": 0,
            "enable_resource_name_dns_a_record_on_launch": false,
            "enable_resource_name_dns_aaaa_record_on_launch": false,
            "id": "subnet-0dcc586b035e9a074",
            "ipv6_cidr_block": "",
            "ipv6_cidr_block_association_id": "",
            "ipv6_native": false,
            "map_customer_owned_ip_on_launch": false,
            "map_public_ip_on_launch": false,
            "outpost_arn": "",
            "owner_id": "654654466828",
            "private_dns_hostname_type_on_launch": "ip-name",
            "tags": {
              "Name": "PrivateSubnet-0"
            },
            "tags_all": {
              "Name": "PrivateSubnet-0"
            },
            "timeouts": null,
            "vpc_id": "vpc-01c8158e3807afbe2"
          },
          "sensitive_attributes": [],
          "private": "eyJlMmJmYjczMC1lY2FhLTExZTYtOGY4OC0zNDM2M2JjN2M0YzAiOnsiY3JlYXRlIjo2MDAwMDAwMDAwMDAsImRlbGV0ZSI6MTIwMDAwMDAwMDAwMH0sInNjaGVtYV92ZXJzaW9uIjoiMSJ9",
          "dependencies": [
            "module.vpc.aws_vpc.wp_vpc"
          ]
        },
        {
          "index_key": 1,
          "schema_version": 1,
          "attributes": {
            "arn": "arn:aws:ec2:eu-west-3:654654466828:subnet/subnet-09480d10b36af0795",
            "assign_ipv6_address_on_creation": false,
            "availability_zone": "eu-west-3b",
            "availability_zone_id": "euw3-az2",
            "cidr_block": "10.0.4.0/24",
            "customer_owned_ipv4_pool": "",
            "enable_dns64": false,
            "enable_lni_at_device_index": 0,
            "enable_resource_name_dns_a_record_on_launch": false,
            "enable_resource_name_dns_aaaa_record_on_launch": false,
            "id": "subnet-09480d10b36af0795",
            "ipv6_cidr_block": "",
            "ipv6_cidr_block_association_id": "",
            "ipv6_native": false,
            "map_customer_owned_ip_on_launch": false,
            "map_public_ip_on_launch": false,
            "outpost_arn": "",
            "owner_id": "654654466828",
            "private_dns_hostname_type_on_launch": "ip-name",
            "tags": {
              "Name": "PrivateSubnet-1"
            },
            "tags_all": {
              "Name": "PrivateSubnet-1"
            },
            "timeouts": null,
            "vpc_id": "vpc-01c8158e3807afbe2"
          },
          "sensitive_attributes": [],
          "private": "eyJlMmJmYjczMC1lY2FhLTExZTYtOGY4OC0zNDM2M2JjN2M0YzAiOnsiY3JlYXRlIjo2MDAwMDAwMDAwMDAsImRlbGV0ZSI6MTIwMDAwMDAwMDAwMH0sInNjaGVtYV92ZXJzaW9uIjoiMSJ9",
          "dependencies": [
            "module.vpc.aws_vpc.wp_vpc"
          ]
        }
      ]
    },
    {
      "module": "module.subnets",
      "mode": "managed",
      "type": "aws_subnet",
      "name": "public",
      "provider": "provider[\"registry.terraform.io/hashicorp/aws\"]",
      "instances": [
        {
          "index_key": 0,
          "schema_version": 1,
          "attributes": {
            "arn": "arn:aws:ec2:eu-west-3:654654466828:subnet/subnet-093915df36f71bb56",
            "assign_ipv6_address_on_creation": false,
            "availability_zone": "eu-west-3a",
            "availability_zone_id": "euw3-az1",
            "cidr_block": "10.0.1.0/24",
            "customer_owned_ipv4_pool": "",
            "enable_dns64": false,
            "enable_lni_at_device_index": 0,
            "enable_resource_name_dns_a_record_on_launch": false,
            "enable_resource_name_dns_aaaa_record_on_launch": false,
            "id": "subnet-093915df36f71bb56",
            "ipv6_cidr_block": "",
            "ipv6_cidr_block_association_id": "",
            "ipv6_native": false,
            "map_customer_owned_ip_on_launch": false,
            "map_public_ip_on_launch": true,
            "outpost_arn": "",
            "owner_id": "654654466828",
            "private_dns_hostname_type_on_launch": "ip-name",
            "tags": {
              "Name": "PublicSubnet-0"
            },
            "tags_all": {
              "Name": "PublicSubnet-0"
            },
            "timeouts": null,
            "vpc_id": "vpc-01c8158e3807afbe2"
          },
          "sensitive_attributes": [],
          "private": "eyJlMmJmYjczMC1lY2FhLTExZTYtOGY4OC0zNDM2M2JjN2M0YzAiOnsiY3JlYXRlIjo2MDAwMDAwMDAwMDAsImRlbGV0ZSI6MTIwMDAwMDAwMDAwMH0sInNjaGVtYV92ZXJzaW9uIjoiMSJ9",
          "dependencies": [
            "module.vpc.aws_vpc.wp_vpc"
          ]
        },
        {
          "index_key": 1,
          "schema_version": 1,
          "attributes": {
            "arn": "arn:aws:ec2:eu-west-3:654654466828:subnet/subnet-064faa39fb23fe2ae",
            "assign_ipv6_address_on_creation": false,
            "availability_zone": "eu-west-3b",
            "availability_zone_id": "euw3-az2",
            "cidr_block": "10.0.2.0/24",
            "customer_owned_ipv4_pool": "",
            "enable_dns64": false,
            "enable_lni_at_device_index": 0,
            "enable_resource_name_dns_a_record_on_launch": false,
            "enable_resource_name_dns_aaaa_record_on_launch": false,
            "id": "subnet-064faa39fb23fe2ae",
            "ipv6_cidr_block": "",
            "ipv6_cidr_block_association_id": "",
            "ipv6_native": false,
            "map_customer_owned_ip_on_launch": false,
            "map_public_ip_on_launch": true,
            "outpost_arn": "",
            "owner_id": "654654466828",
            "private_dns_hostname_type_on_launch": "ip-name",
            "tags": {
              "Name": "PublicSubnet-1"
            },
            "tags_all": {
              "Name": "PublicSubnet-1"
            },
            "timeouts": null,
            "vpc_id": "vpc-01c8158e3807afbe2"
          },
          "sensitive_attributes": [],
          "private": "eyJlMmJmYjczMC1lY2FhLTExZTYtOGY4OC0zNDM2M2JjN2M0YzAiOnsiY3JlYXRlIjo2MDAwMDAwMDAwMDAsImRlbGV0ZSI6MTIwMDAwMDAwMDAwMH0sInNjaGVtYV92ZXJzaW9uIjoiMSJ9",
          "dependencies": [
            "module.vpc.aws_vpc.wp_vpc"
          ]
        }
      ]
    },
    {
      "module": "module.vpc",
      "mode": "managed",
      "type": "aws_vpc",
      "name": "wp_vpc",
      "provider": "provider[\"registry.terraform.io/hashicorp/aws\"]",
      "instances": [
        {
          "schema_version": 1,
          "attributes": {
            "arn": "arn:aws:ec2:eu-west-3:654654466828:vpc/vpc-01c8158e3807afbe2",
            "assign_generated_ipv6_cidr_block": false,
            "cidr_block": "10.0.0.0/16",
            "default_network_acl_id": "acl-05813f55795d261e2",
            "default_route_table_id": "rtb-00b3e70bd5430b002",
            "default_security_group_id": "sg-00e5f34028ffeb747",
            "dhcp_options_id": "dopt-048e8d4f31b60235b",
            "enable_dns_hostnames": true,
            "enable_dns_support": true,
            "enable_network_address_usage_metrics": false,
            "id": "vpc-01c8158e3807afbe2",
            "instance_tenancy": "default",
            "ipv4_ipam_pool_id": null,
            "ipv4_netmask_length": null,
            "ipv6_association_id": "",
            "ipv6_cidr_block": "",
            "ipv6_cidr_block_network_border_group": "",
            "ipv6_ipam_pool_id": "",
            "ipv6_netmask_length": 0,
            "main_route_table_id": "rtb-00b3e70bd5430b002",
            "owner_id": "654654466828",
            "tags": {
              "Name": "NellyVPC"
            },
            "tags_all": {
              "Name": "NellyVPC"
            }
          },
          "sensitive_attributes": [],
          "private": "eyJzY2hlbWFfdmVyc2lvbiI6IjEifQ==",
          "create_before_destroy": true
        }
      ]
    }
  ],
  "check_results": null
}
